
Microsoft Visual Studio Solution File, Format Version 12.00
# Visual Studio Version 16
VisualStudioVersion = 16.0.31729.503
MinimumVisualStudioVersion = 10.0.40219.1
Project("{FAE04EC0-301F-11D3-BF4B-00C04F79EFBC}") = "AreaShootingCalculator", "AreaShootingCalculator\AreaShootingCalculator.csproj", "{1F4309E4-FD6D-4DCF-BD02-1478C5E55F0A}"
EndProject
Global
	GlobalSection(SolutionConfigurationPlatforms) = preSolution
		Debug|Any CPU = Debug|Any CPU
		Release|Any CPU = Release|Any CPU
	EndGlobalSection
	GlobalSection(ProjectConfigurationPlatforms) = postSolution
		{1F4309E4-FD6D-4DCF-BD02-1478C5E55F0A}.Debug|Any CPU.ActiveCfg = Debug|Any CPU
		{1F4309E4-FD6D-4DCF-BD02-1478C5E55F0A}.Debug|Any CPU.Build.0 = Debug|Any CPU
		{1F4309E4-FD6D-4DCF-BD02-1478C5E55F0A}.Release|Any CPU.ActiveCfg = Release|Any CPU
		{1F4309E4-FD6D-4DCF-BD02-1478C5E55F0A}.Release|Any CPU.Build.0 = Release|Any CPU
	EndGlobalSection
	GlobalSection(SolutionProperties) = preSolution
		HideSolutionNode = FALSE
	EndGlobalSection
	GlobalSection(ExtensibilityGlobals) = postSolution
		SolutionGuid = {DA62172C-38F3-4FF6-B8C0-87F868130398}
	EndGlobalSection
EndGlobal
